
Microsoft Visual Studio Solution File, Format Version 12.00
# Visual Studio Version 16
VisualStudioVersion = 16.0.30330.147
MinimumVisualStudioVersion = 10.0.40219.1
Project("{9A19103F-16F7-4668-BE54-9A1E7A4F7556}") = "Presentation.API", "src\Presentation.API\Presentation.API.csproj", "{B3E5226F-B1F0-459F-9EC9-D293590B3A98}"
EndProject
Project("{2150E333-8FDC-42A3-9474-1A3956D46DE8}") = "1- Layers", "1- Layers", "{9EA8B1E1-DA48-45B3-B8AE-7F9BEA6D8ACE}"
EndProject
Project("{2150E333-8FDC-42A3-9474-1A3956D46DE8}") = "1.1- Presentation", "1.1- Presentation", "{9A94CAB2-6908-4AD1-B332-3D4A4B8BF1E4}"
EndProject
Project("{2150E333-8FDC-42A3-9474-1A3956D46DE8}") = "1.2- BLL", "1.2- BLL", "{C656B721-AC16-4370-885C-C78F7E703763}"
EndProject
Project("{2150E333-8FDC-42A3-9474-1A3956D46DE8}") = "1.3- DAL", "1.3- DAL", "{11F8BD31-B9A8-4034-9931-5A17F121262C}"
EndProject
Project("{2150E333-8FDC-42A3-9474-1A3956D46DE8}") = "1.4- Models", "1.4- Models", "{681D8F2B-584B-4D74-AEE6-104112CDD2A5}"
EndProject
Project("{2150E333-8FDC-42A3-9474-1A3956D46DE8}") = "1.5- Infrastructure", "1.5- Infrastructure", "{A92F0831-F9B6-4B78-A4A9-2C982B44105C}"
EndProject
Project("{2150E333-8FDC-42A3-9474-1A3956D46DE8}") = "1.6- Tests", "1.6- Tests", "{784DE595-C247-4AAF-B1B5-F3B8996C082F}"
EndProject
Project("{9A19103F-16F7-4668-BE54-9A1E7A4F7556}") = "BLL.Services", "src\BLL.Services\BLL.Services.csproj", "{2D6EA6E6-A25C-47CE-AD42-4E497587F425}"
EndProject
Project("{9A19103F-16F7-4668-BE54-9A1E7A4F7556}") = "DAL.Repositories", "src\DAL.Repositories\DAL.Repositories.csproj", "{636A6519-897D-43BF-A21A-668836CDC030}"
EndProject
Project("{9A19103F-16F7-4668-BE54-9A1E7A4F7556}") = "Models.Domain", "src\Models.Domain\Models.Domain.csproj", "{65701F1A-FAE4-46C1-A963-EDC073A928B9}"
EndProject
Project("{9A19103F-16F7-4668-BE54-9A1E7A4F7556}") = "Infrastructure.CrossCutting", "src\Infrastructure.CrossCutting\Infrastructure.CrossCutting.csproj", "{0D3D1626-B103-464E-90B0-C6012BE0BE84}"
EndProject
Project("{9A19103F-16F7-4668-BE54-9A1E7A4F7556}") = "Tests.Integration", "tests\Tests.Integration\Tests.Integration.csproj", "{0CDC0E35-3F91-4ED5-BCD9-C040956B0A1C}"
EndProject
Project("{9A19103F-16F7-4668-BE54-9A1E7A4F7556}") = "BLL.RabbitMQ.Consumers", "src\BLL.RabbitMQ.Consumers\BLL.RabbitMQ.Consumers.csproj", "{FD832017-EB21-4D51-8653-575470782BCA}"
EndProject
Project("{9A19103F-16F7-4668-BE54-9A1E7A4F7556}") = "Models.Filters", "src\Models.Filters\Models.Filters.csproj", "{9CE2685A-594B-4AE9-8184-FFE159C69B18}"
EndProject
Project("{9A19103F-16F7-4668-BE54-9A1E7A4F7556}") = "Models.DTO", "src\Models.DTO\Models.DTO.csproj", "{DDE5B8A7-C4DB-4EBB-B97F-2C00C25D7453}"
EndProject
Project("{2150E333-8FDC-42A3-9474-1A3956D46DE8}") = "Tests", "Tests", "{0985DE6D-CAFC-4E79-BB31-67F0E423468D}"
EndProject
Project("{FAE04EC0-301F-11D3-BF4B-00C04F79EFBC}") = "BLL.Services.Tests", "tests\BLL.Services.Tests\BLL.Services.Tests.csproj", "{8B23E714-4594-4AED-963C-AA68894C17EE}"
EndProject
Global
	GlobalSection(SolutionConfigurationPlatforms) = preSolution
		Debug|Any CPU = Debug|Any CPU
		Release|Any CPU = Release|Any CPU
	EndGlobalSection
	GlobalSection(ProjectConfigurationPlatforms) = postSolution
		{B3E5226F-B1F0-459F-9EC9-D293590B3A98}.Debug|Any CPU.ActiveCfg = Debug|Any CPU
		{B3E5226F-B1F0-459F-9EC9-D293590B3A98}.Debug|Any CPU.Build.0 = Debug|Any CPU
		{B3E5226F-B1F0-459F-9EC9-D293590B3A98}.Release|Any CPU.ActiveCfg = Release|Any CPU
		{B3E5226F-B1F0-459F-9EC9-D293590B3A98}.Release|Any CPU.Build.0 = Release|Any CPU
		{2D6EA6E6-A25C-47CE-AD42-4E497587F425}.Debug|Any CPU.ActiveCfg = Debug|Any CPU
		{2D6EA6E6-A25C-47CE-AD42-4E497587F425}.Debug|Any CPU.Build.0 = Debug|Any CPU
		{2D6EA6E6-A25C-47CE-AD42-4E497587F425}.Release|Any CPU.ActiveCfg = Release|Any CPU
		{2D6EA6E6-A25C-47CE-AD42-4E497587F425}.Release|Any CPU.Build.0 = Release|Any CPU
		{636A6519-897D-43BF-A21A-668836CDC030}.Debug|Any CPU.ActiveCfg = Debug|Any CPU
		{636A6519-897D-43BF-A21A-668836CDC030}.Debug|Any CPU.Build.0 = Debug|Any CPU
		{636A6519-897D-43BF-A21A-668836CDC030}.Release|Any CPU.ActiveCfg = Release|Any CPU
		{636A6519-897D-43BF-A21A-668836CDC030}.Release|Any CPU.Build.0 = Release|Any CPU
		{65701F1A-FAE4-46C1-A963-EDC073A928B9}.Debug|Any CPU.ActiveCfg = Debug|Any CPU
		{65701F1A-FAE4-46C1-A963-EDC073A928B9}.Debug|Any CPU.Build.0 = Debug|Any CPU
		{65701F1A-FAE4-46C1-A963-EDC073A928B9}.Release|Any CPU.ActiveCfg = Release|Any CPU
		{65701F1A-FAE4-46C1-A963-EDC073A928B9}.Release|Any CPU.Build.0 = Release|Any CPU
		{0D3D1626-B103-464E-90B0-C6012BE0BE84}.Debug|Any CPU.ActiveCfg = Debug|Any CPU
		{0D3D1626-B103-464E-90B0-C6012BE0BE84}.Debug|Any CPU.Build.0 = Debug|Any CPU
		{0D3D1626-B103-464E-90B0-C6012BE0BE84}.Release|Any CPU.ActiveCfg = Release|Any CPU
		{0D3D1626-B103-464E-90B0-C6012BE0BE84}.Release|Any CPU.Build.0 = Release|Any CPU
		{0CDC0E35-3F91-4ED5-BCD9-C040956B0A1C}.Debug|Any CPU.ActiveCfg = Debug|Any CPU
		{0CDC0E35-3F91-4ED5-BCD9-C040956B0A1C}.Debug|Any CPU.Build.0 = Debug|Any CPU
		{0CDC0E35-3F91-4ED5-BCD9-C040956B0A1C}.Release|Any CPU.ActiveCfg = Release|Any CPU
		{0CDC0E35-3F91-4ED5-BCD9-C040956B0A1C}.Release|Any CPU.Build.0 = Release|Any CPU
		{FD832017-EB21-4D51-8653-575470782BCA}.Debug|Any CPU.ActiveCfg = Debug|Any CPU
		{FD832017-EB21-4D51-8653-575470782BCA}.Debug|Any CPU.Build.0 = Debug|Any CPU
		{FD832017-EB21-4D51-8653-575470782BCA}.Release|Any CPU.ActiveCfg = Release|Any CPU
		{FD832017-EB21-4D51-8653-575470782BCA}.Release|Any CPU.Build.0 = Release|Any CPU
		{9CE2685A-594B-4AE9-8184-FFE159C69B18}.Debug|Any CPU.ActiveCfg = Debug|Any CPU
		{9CE2685A-594B-4AE9-8184-FFE159C69B18}.Debug|Any CPU.Build.0 = Debug|Any CPU
		{9CE2685A-594B-4AE9-8184-FFE159C69B18}.Release|Any CPU.ActiveCfg = Release|Any CPU
		{9CE2685A-594B-4AE9-8184-FFE159C69B18}.Release|Any CPU.Build.0 = Release|Any CPU
		{DDE5B8A7-C4DB-4EBB-B97F-2C00C25D7453}.Debug|Any CPU.ActiveCfg = Debug|Any CPU
		{DDE5B8A7-C4DB-4EBB-B97F-2C00C25D7453}.Debug|Any CPU.Build.0 = Debug|Any CPU
		{DDE5B8A7-C4DB-4EBB-B97F-2C00C25D7453}.Release|Any CPU.ActiveCfg = Release|Any CPU
		{DDE5B8A7-C4DB-4EBB-B97F-2C00C25D7453}.Release|Any CPU.Build.0 = Release|Any CPU
		{8B23E714-4594-4AED-963C-AA68894C17EE}.Debug|Any CPU.ActiveCfg = Debug|Any CPU
		{8B23E714-4594-4AED-963C-AA68894C17EE}.Debug|Any CPU.Build.0 = Debug|Any CPU
		{8B23E714-4594-4AED-963C-AA68894C17EE}.Release|Any CPU.ActiveCfg = Release|Any CPU
		{8B23E714-4594-4AED-963C-AA68894C17EE}.Release|Any CPU.Build.0 = Release|Any CPU
	EndGlobalSection
	GlobalSection(SolutionProperties) = preSolution
		HideSolutionNode = FALSE
	EndGlobalSection
	GlobalSection(NestedProjects) = preSolution
		{B3E5226F-B1F0-459F-9EC9-D293590B3A98} = {9A94CAB2-6908-4AD1-B332-3D4A4B8BF1E4}
		{9A94CAB2-6908-4AD1-B332-3D4A4B8BF1E4} = {9EA8B1E1-DA48-45B3-B8AE-7F9BEA6D8ACE}
		{C656B721-AC16-4370-885C-C78F7E703763} = {9EA8B1E1-DA48-45B3-B8AE-7F9BEA6D8ACE}
		{11F8BD31-B9A8-4034-9931-5A17F121262C} = {9EA8B1E1-DA48-45B3-B8AE-7F9BEA6D8ACE}
		{681D8F2B-584B-4D74-AEE6-104112CDD2A5} = {9EA8B1E1-DA48-45B3-B8AE-7F9BEA6D8ACE}
		{A92F0831-F9B6-4B78-A4A9-2C982B44105C} = {9EA8B1E1-DA48-45B3-B8AE-7F9BEA6D8ACE}
		{784DE595-C247-4AAF-B1B5-F3B8996C082F} = {9EA8B1E1-DA48-45B3-B8AE-7F9BEA6D8ACE}
		{2D6EA6E6-A25C-47CE-AD42-4E497587F425} = {C656B721-AC16-4370-885C-C78F7E703763}
		{636A6519-897D-43BF-A21A-668836CDC030} = {11F8BD31-B9A8-4034-9931-5A17F121262C}
		{65701F1A-FAE4-46C1-A963-EDC073A928B9} = {681D8F2B-584B-4D74-AEE6-104112CDD2A5}
		{0D3D1626-B103-464E-90B0-C6012BE0BE84} = {A92F0831-F9B6-4B78-A4A9-2C982B44105C}
		{0CDC0E35-3F91-4ED5-BCD9-C040956B0A1C} = {784DE595-C247-4AAF-B1B5-F3B8996C082F}
		{FD832017-EB21-4D51-8653-575470782BCA} = {C656B721-AC16-4370-885C-C78F7E703763}
		{9CE2685A-594B-4AE9-8184-FFE159C69B18} = {681D8F2B-584B-4D74-AEE6-104112CDD2A5}
		{DDE5B8A7-C4DB-4EBB-B97F-2C00C25D7453} = {681D8F2B-584B-4D74-AEE6-104112CDD2A5}
		{0985DE6D-CAFC-4E79-BB31-67F0E423468D} = {C656B721-AC16-4370-885C-C78F7E703763}
		{8B23E714-4594-4AED-963C-AA68894C17EE} = {0985DE6D-CAFC-4E79-BB31-67F0E423468D}
	EndGlobalSection
	GlobalSection(ExtensibilityGlobals) = postSolution
		SolutionGuid = {40E04D9D-35E8-40FD-ADD0-AFB822D8DAD8}
	EndGlobalSection
EndGlobal
